PODS:
  - extobjc (0.0.1)
  - FrameAccessor (2.0)
  - Masonry (1.1.0)
  - XXNibBridge (2.3.1)
  - YYCache (1.0.4)
  - YYCategories (1.0.4):
    - YYCategories/no-arc (= 1.0.4)
  - YYCategories/no-arc (1.0.4)
  - YYImage (1.0.4):
    - YYImage/Core (= 1.0.4)
  - YYImage/Core (1.0.4)
  - YYText (1.0.7)
  - YYWebImage (1.0.5):
    - YYCache
    - YYImage

DEPENDENCIES:
  - extobjc
  - FrameAccessor
  - Masonry
  - XXNibBridge
  - YYCategories
  - YYText
  - YYWebImage

SPEC REPOS:
  https://github.com/cocoapods/specs.git:
    - extobjc
    - FrameAccessor
    - Masonry
    - XXNibBridge
    - YYCache
    - YYCategories
    - YYImage
    - YYText
    - YYWebImage

SPEC CHECKSUMS:
  extobjc: a55d2f1212ce1cdac4c88bd19594a15c15bab5dc
  FrameAccessor: 443a13e58e23a10ff22180da0897b28c3f6abf66
  Masonry: 678fab65091a9290e40e2832a55e7ab731aad201
  XXNibBridge: addb780e6db076eb2c61716aa60b176a6799b80f
  YYCache: 8105b6638f5e849296c71f331ff83891a4942952
  YYCategories: 6bcd4314c6661a561410dce4a793379ebd306abd
  YYImage: 1e1b62a9997399593e4b9c4ecfbbabbf1d3f3b54
  YYText: 5c461d709e24d55a182d1441c41dc639a18a4849
  YYWebImage: 5f7f36aee2ae293f016d418c7d6ba05c4863e928

PODFILE CHECKSUM: d6273635907cdd1d7191d33437cd53ed0537fcd6

COCOAPODS: 1.7.5
