PODS:
  - Masonry (1.1.0)
  - YYCategories (1.0.4):
    - YYCategories/no-arc (= 1.0.4)
  - YYCategories/no-arc (1.0.4)

DEPENDENCIES:
  - Masonry
  - YYCategories

SPEC REPOS:
  https://github.com/cocoapods/specs.git:
    - Masonry
    - YYCategories

SPEC CHECKSUMS:
  Masonry: 678fab65091a9290e40e2832a55e7ab731aad201
  YYCategories: 6bcd4314c6661a561410dce4a793379ebd306abd

PODFILE CHECKSUM: 6bb936eb8928de25d24d8cdfcbb703eb583c559e

COCOAPODS: 1.6.0.beta.1
